
Microsoft Visual Studio Solution File, Format Version 12.00
# Visual Studio 15
Project("{FAE04EC0-301F-11D3-BF4B-00C04F79EFBC}") = "VuforiaScripts", "VuforiaScripts.csproj", "{EE529F62-CC0C-6B10-D825-5FB6DC9B6748}"
EndProject
Project("{FAE04EC0-301F-11D3-BF4B-00C04F79EFBC}") = "Assembly-CSharp", "Assembly-CSharp.csproj", "{316CA9CA-CE9D-5E4D-697F-33E4249BB49E}"
EndProject
Project("{FAE04EC0-301F-11D3-BF4B-00C04F79EFBC}") = "VuforiaEditorScripts", "VuforiaEditorScripts.csproj", "{A90112FE-270E-455E-F081-C70548A46E86}"
EndProject
Global
	GlobalSection(SolutionConfigurationPlatforms) = preSolution
		Debug|Any CPU = Debug|Any CPU
		Release|Any CPU = Release|Any CPU
	EndGlobalSection
	GlobalSection(ProjectConfigurationPlatforms) = postSolution
		{EE529F62-CC0C-6B10-D825-5FB6DC9B6748}.Debug|Any CPU.ActiveCfg = Debug|Any CPU
		{EE529F62-CC0C-6B10-D825-5FB6DC9B6748}.Debug|Any CPU.Build.0 = Debug|Any CPU
		{EE529F62-CC0C-6B10-D825-5FB6DC9B6748}.Release|Any CPU.ActiveCfg = Release|Any CPU
		{EE529F62-CC0C-6B10-D825-5FB6DC9B6748}.Release|Any CPU.Build.0 = Release|Any CPU
		{316CA9CA-CE9D-5E4D-697F-33E4249BB49E}.Debug|Any CPU.ActiveCfg = Debug|Any CPU
		{316CA9CA-CE9D-5E4D-697F-33E4249BB49E}.Debug|Any CPU.Build.0 = Debug|Any CPU
		{316CA9CA-CE9D-5E4D-697F-33E4249BB49E}.Release|Any CPU.ActiveCfg = Release|Any CPU
		{316CA9CA-CE9D-5E4D-697F-33E4249BB49E}.Release|Any CPU.Build.0 = Release|Any CPU
		{A90112FE-270E-455E-F081-C70548A46E86}.Debug|Any CPU.ActiveCfg = Debug|Any CPU
		{A90112FE-270E-455E-F081-C70548A46E86}.Debug|Any CPU.Build.0 = Debug|Any CPU
		{A90112FE-270E-455E-F081-C70548A46E86}.Release|Any CPU.ActiveCfg = Release|Any CPU
		{A90112FE-270E-455E-F081-C70548A46E86}.Release|Any CPU.Build.0 = Release|Any CPU
	EndGlobalSection
	GlobalSection(SolutionProperties) = preSolution
		HideSolutionNode = FALSE
	EndGlobalSection
EndGlobal
