// !$*UTF8*$!
{
	archiveVersion = 1;
	classes = {
	};
	objectVersion = 50;
	objects = {

/* Begin PBXBuildFile section */
		010DC35C2331556700AC8F0C /* AppDelegate.swift in Sources */ = {isa = PBXBuildFile; fileRef = 010DC35B2331556700AC8F0C /* AppDelegate.swift */; };
		010DC3602331556700AC8F0C /* ViewController.swift in Sources */ = {isa = PBXBuildFile; fileRef = 010DC35F2331556700AC8F0C /* ViewController.swift */; };
		010DC3632331556700AC8F0C /* Main.storyboard in Resources */ = {isa = PBXBuildFile; fileRef = 010DC3612331556700AC8F0C /* Main.storyboard */; };
		010DC3652331556B00AC8F0C /* Assets.xcassets in Resources */ = {isa = PBXBuildFile; fileRef = 010DC3642331556B00AC8F0C /* Assets.xcassets */; };
		010DC3682331556B00AC8F0C /* LaunchScreen.storyboard in Resources */ = {isa = PBXBuildFile; fileRef = 010DC3662331556B00AC8F0C /* LaunchScreen.storyboard */; };
		010DC3732331556B00AC8F0C /* ARPortalTests.swift in Sources */ = {isa = PBXBuildFile; fileRef = 010DC3722331556B00AC8F0C /* ARPortalTests.swift */; };
		010DC37E2331556B00AC8F0C /* ARPortalUITests.swift in Sources */ = {isa = PBXBuildFile; fileRef = 010DC37D2331556B00AC8F0C /* ARPortalUITests.swift */; };
		010DC3B5233394DC00AC8F0C /* floor1.jpg in Resources */ = {isa = PBXBuildFile; fileRef = 010DC3A4233394DB00AC8F0C /* floor1.jpg */; };
		010DC3B6233394DC00AC8F0C /* chair1.jpg in Resources */ = {isa = PBXBuildFile; fileRef = 010DC3A5233394DB00AC8F0C /* chair1.jpg */; };
		010DC3B7233394DC00AC8F0C /* vangogh_room.mtl in Resources */ = {isa = PBXBuildFile; fileRef = 010DC3A6233394DB00AC8F0C /* vangogh_room.mtl */; };
		010DC3B8233394DC00AC8F0C /* glass_right.png in Resources */ = {isa = PBXBuildFile; fileRef = 010DC3A7233394DB00AC8F0C /* glass_right.png */; };
		010DC3B9233394DC00AC8F0C /* belye.jpg in Resources */ = {isa = PBXBuildFile; fileRef = 010DC3A8233394DB00AC8F0C /* belye.jpg */; };
		010DC3BA233394DC00AC8F0C /* veshalka.jpg in Resources */ = {isa = PBXBuildFile; fileRef = 010DC3A9233394DB00AC8F0C /* veshalka.jpg */; };
		010DC3BB233394DC00AC8F0C /* wall1.jpg in Resources */ = {isa = PBXBuildFile; fileRef = 010DC3AA233394DB00AC8F0C /* wall1.jpg */; };
		010DC3BC233394DC00AC8F0C /* bad1.jpg in Resources */ = {isa = PBXBuildFile; fileRef = 010DC3AB233394DB00AC8F0C /* bad1.jpg */; };
		010DC3BD233394DC00AC8F0C /* win_right.jpg in Resources */ = {isa = PBXBuildFile; fileRef = 010DC3AC233394DB00AC8F0C /* win_right.jpg */; };
		010DC3BE233394DC00AC8F0C /* wall_staff.jpg in Resources */ = {isa = PBXBuildFile; fileRef = 010DC3AD233394DB00AC8F0C /* wall_staff.jpg */; };
		010DC3BF233394DC00AC8F0C /* Alyscamps_Arles_dos.JPG in Resources */ = {isa = PBXBuildFile; fileRef = 010DC3AE233394DB00AC8F0C /* Alyscamps_Arles_dos.JPG */; };
		010DC3C0233394DC00AC8F0C /* rest.jpg in Resources */ = {isa = PBXBuildFile; fileRef = 010DC3AF233394DB00AC8F0C /* rest.jpg */; };
		010DC3C1233394DC00AC8F0C /* doors1.jpg in Resources */ = {isa = PBXBuildFile; fileRef = 010DC3B0233394DB00AC8F0C /* doors1.jpg */; };
		010DC3C2233394DC00AC8F0C /* glass_left.png in Resources */ = {isa = PBXBuildFile; fileRef = 010DC3B1233394DB00AC8F0C /* glass_left.png */; };
		010DC3C3233394DC00AC8F0C /* win_left.jpg in Resources */ = {isa = PBXBuildFile; fileRef = 010DC3B2233394DB00AC8F0C /* win_left.jpg */; };
		010DC3C4233394DC00AC8F0C /* table.jpg in Resources */ = {isa = PBXBuildFile; fileRef = 010DC3B3233394DB00AC8F0C /* table.jpg */; };
		010DC3C5233394DC00AC8F0C /* vangogh_room.obj in Resources */ = {isa = PBXBuildFile; fileRef = 010DC3B4233394DC00AC8F0C /* vangogh_room.obj */; };
		010DC3C72333969700AC8F0C /* Portal.swift in Sources */ = {isa = PBXBuildFile; fileRef = 010DC3C62333969700AC8F0C /* Portal.swift */; };
		017224792338C40C00214D53 /* Media.scnassets in Resources */ = {isa = PBXBuildFile; fileRef = 017224782338C40C00214D53 /* Media.scnassets */; };
/* End PBXBuildFile section */

/* Begin PBXContainerItemProxy section */
		010DC36F2331556B00AC8F0C /* PBXContainerItemProxy */ = {
			isa = PBXContainerItemProxy;
			containerPortal = 010DC3502331556700AC8F0C /* Project object */;
			proxyType = 1;
			remoteGlobalIDString = 010DC3572331556700AC8F0C;
			remoteInfo = ARPortal;
		};
		010DC37A2331556B00AC8F0C /* PBXContainerItemProxy */ = {
			isa = PBXContainerItemProxy;
			containerPortal = 010DC3502331556700AC8F0C /* Project object */;
			proxyType = 1;
			remoteGlobalIDString = 010DC3572331556700AC8F0C;
			remoteInfo = ARPortal;
		};
/* End PBXContainerItemProxy section */

/* Begin PBXFileReference section */
		010DC3582331556700AC8F0C /* ARPortal.app */ = {isa = PBXFileReference; explicitFileType = wrapper.application; includeInIndex = 0; path = ARPortal.app; sourceTree = BUILT_PRODUCTS_DIR; };
		010DC35B2331556700AC8F0C /* AppDelegate.swift */ = {isa = PBXFileReference; lastKnownFileType = sourcecode.swift; path = AppDelegate.swift; sourceTree = "<group>"; };
		010DC35F2331556700AC8F0C /* ViewController.swift */ = {isa = PBXFileReference; lastKnownFileType = sourcecode.swift; path = ViewController.swift; sourceTree = "<group>"; };
		010DC3622331556700AC8F0C /* Base */ = {isa = PBXFileReference; lastKnownFileType = file.storyboard; name = Base; path = Base.lproj/Main.storyboard; sourceTree = "<group>"; };
		010DC3642331556B00AC8F0C /* Assets.xcassets */ = {isa = PBXFileReference; lastKnownFileType = folder.assetcatalog; path = Assets.xcassets; sourceTree = "<group>"; };
		010DC3672331556B00AC8F0C /* Base */ = {isa = PBXFileReference; lastKnownFileType = file.storyboard; name = Base; path = Base.lproj/LaunchScreen.storyboard; sourceTree = "<group>"; };
		010DC3692331556B00AC8F0C /* Info.plist */ = {isa = PBXFileReference; lastKnownFileType = text.plist.xml; path = Info.plist; sourceTree = "<group>"; };
		010DC36E2331556B00AC8F0C /* ARPortalTests.xctest */ = {isa = PBXFileReference; explicitFileType = wrapper.cfbundle; includeInIndex = 0; path = ARPortalTests.xctest; sourceTree = BUILT_PRODUCTS_DIR; };
		010DC3722331556B00AC8F0C /* ARPortalTests.swift */ = {isa = PBXFileReference; lastKnownFileType = sourcecode.swift; path = ARPortalTests.swift; sourceTree = "<group>"; };
		010DC3742331556B00AC8F0C /* Info.plist */ = {isa = PBXFileReference; lastKnownFileType = text.plist.xml; path = Info.plist; sourceTree = "<group>"; };
		010DC3792331556B00AC8F0C /* ARPortalUITests.xctest */ = {isa = PBXFileReference; explicitFileType = wrapper.cfbundle; includeInIndex = 0; path = ARPortalUITests.xctest; sourceTree = BUILT_PRODUCTS_DIR; };
		010DC37D2331556B00AC8F0C /* ARPortalUITests.swift */ = {isa = PBXFileReference; lastKnownFileType = sourcecode.swift; path = ARPortalUITests.swift; sourceTree = "<group>"; };
		010DC37F2331556B00AC8F0C /* Info.plist */ = {isa = PBXFileReference; lastKnownFileType = text.plist.xml; path = Info.plist; sourceTree = "<group>"; };
		010DC3A4233394DB00AC8F0C /* floor1.jpg */ = {isa = PBXFileReference; lastKnownFileType = image.jpeg; path = floor1.jpg; sourceTree = "<group>"; };
		010DC3A5233394DB00AC8F0C /* chair1.jpg */ = {isa = PBXFileReference; lastKnownFileType = image.jpeg; path = chair1.jpg; sourceTree = "<group>"; };
		010DC3A6233394DB00AC8F0C /* vangogh_room.mtl */ = {isa = PBXFileReference; fileEncoding = 4; lastKnownFileType = text; path = vangogh_room.mtl; sourceTree = "<group>"; };
		010DC3A7233394DB00AC8F0C /* glass_right.png */ = {isa = PBXFileReference; lastKnownFileType = image.png; path = glass_right.png; sourceTree = "<group>"; };
		010DC3A8233394DB00AC8F0C /* belye.jpg */ = {isa = PBXFileReference; lastKnownFileType = image.jpeg; path = belye.jpg; sourceTree = "<group>"; };
		010DC3A9233394DB00AC8F0C /* veshalka.jpg */ = {isa = PBXFileReference; lastKnownFileType = image.jpeg; path = veshalka.jpg; sourceTree = "<group>"; };
		010DC3AA233394DB00AC8F0C /* wall1.jpg */ = {isa = PBXFileReference; lastKnownFileType = image.jpeg; path = wall1.jpg; sourceTree = "<group>"; };
		010DC3AB233394DB00AC8F0C /* bad1.jpg */ = {isa = PBXFileReference; lastKnownFileType = image.jpeg; path = bad1.jpg; sourceTree = "<group>"; };
		010DC3AC233394DB00AC8F0C /* win_right.jpg */ = {isa = PBXFileReference; lastKnownFileType = image.jpeg; path = win_right.jpg; sourceTree = "<group>"; };
		010DC3AD233394DB00AC8F0C /* wall_staff.jpg */ = {isa = PBXFileReference; lastKnownFileType = image.jpeg; path = wall_staff.jpg; sourceTree = "<group>"; };
		010DC3AE233394DB00AC8F0C /* Alyscamps_Arles_dos.JPG */ = {isa = PBXFileReference; lastKnownFileType = image.jpeg; path = Alyscamps_Arles_dos.JPG; sourceTree = "<group>"; };
		010DC3AF233394DB00AC8F0C /* rest.jpg */ = {isa = PBXFileReference; lastKnownFileType = image.jpeg; path = rest.jpg; sourceTree = "<group>"; };
		010DC3B0233394DB00AC8F0C /* doors1.jpg */ = {isa = PBXFileReference; lastKnownFileType = image.jpeg; path = doors1.jpg; sourceTree = "<group>"; };
		010DC3B1233394DB00AC8F0C /* glass_left.png */ = {isa = PBXFileReference; lastKnownFileType = image.png; path = glass_left.png; sourceTree = "<group>"; };
		010DC3B2233394DB00AC8F0C /* win_left.jpg */ = {isa = PBXFileReference; lastKnownFileType = image.jpeg; path = win_left.jpg; sourceTree = "<group>"; };
		010DC3B3233394DB00AC8F0C /* table.jpg */ = {isa = PBXFileReference; lastKnownFileType = image.jpeg; path = table.jpg; sourceTree = "<group>"; };
		010DC3B4233394DC00AC8F0C /* vangogh_room.obj */ = {isa = PBXFileReference; fileEncoding = 4; lastKnownFileType = text; path = vangogh_room.obj; sourceTree = "<group>"; };
		010DC3C62333969700AC8F0C /* Portal.swift */ = {isa = PBXFileReference; lastKnownFileType = sourcecode.swift; path = Portal.swift; sourceTree = "<group>"; };
		017224782338C40C00214D53 /* Media.scnassets */ = {isa = PBXFileReference; lastKnownFileType = wrapper.scnassets; path = Media.scnassets; sourceTree = "<group>"; };
/* End PBXFileReference section */

/* Begin PBXFrameworksBuildPhase section */
		010DC3552331556700AC8F0C /* Frameworks */ = {
			isa = PBXFrameworksBuildPhase;
			buildActionMask = 2147483647;
			files = (
			);
			runOnlyForDeploymentPostprocessing = 0;
		};
		010DC36B2331556B00AC8F0C /* Frameworks */ = {
			isa = PBXFrameworksBuildPhase;
			buildActionMask = 2147483647;
			files = (
			);
			runOnlyForDeploymentPostprocessing = 0;
		};
		010DC3762331556B00AC8F0C /* Frameworks */ = {
			isa = PBXFrameworksBuildPhase;
			buildActionMask = 2147483647;
			files = (
			);
			runOnlyForDeploymentPostprocessing = 0;
		};
/* End PBXFrameworksBuildPhase section */

/* Begin PBXGroup section */
		010DC34F2331556700AC8F0C = {
			isa = PBXGroup;
			children = (
				017224782338C40C00214D53 /* Media.scnassets */,
				010DC3A12333941000AC8F0C /* Models */,
				010DC35A2331556700AC8F0C /* ARPortal */,
				010DC3712331556B00AC8F0C /* ARPortalTests */,
				010DC37C2331556B00AC8F0C /* ARPortalUITests */,
				010DC3592331556700AC8F0C /* Products */,
			);
			sourceTree = "<group>";
		};
		010DC3592331556700AC8F0C /* Products */ = {
			isa = PBXGroup;
			children = (
				010DC3582331556700AC8F0C /* ARPortal.app */,
				010DC36E2331556B00AC8F0C /* ARPortalTests.xctest */,
				010DC3792331556B00AC8F0C /* ARPortalUITests.xctest */,
			);
			name = Products;
			sourceTree = "<group>";
		};
		010DC35A2331556700AC8F0C /* ARPortal */ = {
			isa = PBXGroup;
			children = (
				010DC35B2331556700AC8F0C /* AppDelegate.swift */,
				010DC35F2331556700AC8F0C /* ViewController.swift */,
				010DC3612331556700AC8F0C /* Main.storyboard */,
				010DC3642331556B00AC8F0C /* Assets.xcassets */,
				010DC3662331556B00AC8F0C /* LaunchScreen.storyboard */,
				010DC3692331556B00AC8F0C /* Info.plist */,
				010DC3C62333969700AC8F0C /* Portal.swift */,
			);
			path = ARPortal;
			sourceTree = "<group>";
		};
		010DC3712331556B00AC8F0C /* ARPortalTests */ = {
			isa = PBXGroup;
			children = (
				010DC3722331556B00AC8F0C /* ARPortalTests.swift */,
				010DC3742331556B00AC8F0C /* Info.plist */,
			);
			path = ARPortalTests;
			sourceTree = "<group>";
		};
		010DC37C2331556B00AC8F0C /* ARPortalUITests */ = {
			isa = PBXGroup;
			children = (
				010DC37D2331556B00AC8F0C /* ARPortalUITests.swift */,
				010DC37F2331556B00AC8F0C /* Info.plist */,
			);
			path = ARPortalUITests;
			sourceTree = "<group>";
		};
		010DC3A12333941000AC8F0C /* Models */ = {
			isa = PBXGroup;
			children = (
				010DC3A3233394DB00AC8F0C /* vangogh_room */,
			);
			path = Models;
			sourceTree = "<group>";
		};
		010DC3A3233394DB00AC8F0C /* vangogh_room */ = {
			isa = PBXGroup;
			children = (
				010DC3A4233394DB00AC8F0C /* floor1.jpg */,
				010DC3A5233394DB00AC8F0C /* chair1.jpg */,
				010DC3A6233394DB00AC8F0C /* vangogh_room.mtl */,
				010DC3A7233394DB00AC8F0C /* glass_right.png */,
				010DC3A8233394DB00AC8F0C /* belye.jpg */,
				010DC3A9233394DB00AC8F0C /* veshalka.jpg */,
				010DC3AA233394DB00AC8F0C /* wall1.jpg */,
				010DC3AB233394DB00AC8F0C /* bad1.jpg */,
				010DC3AC233394DB00AC8F0C /* win_right.jpg */,
				010DC3AD233394DB00AC8F0C /* wall_staff.jpg */,
				010DC3AE233394DB00AC8F0C /* Alyscamps_Arles_dos.JPG */,
				010DC3AF233394DB00AC8F0C /* rest.jpg */,
				010DC3B0233394DB00AC8F0C /* doors1.jpg */,
				010DC3B1233394DB00AC8F0C /* glass_left.png */,
				010DC3B2233394DB00AC8F0C /* win_left.jpg */,
				010DC3B3233394DB00AC8F0C /* table.jpg */,
				010DC3B4233394DC00AC8F0C /* vangogh_room.obj */,
			);
			path = vangogh_room;
			sourceTree = "<group>";
		};
/* End PBXGroup section */

/* Begin PBXNativeTarget section */
		010DC3572331556700AC8F0C /* ARPortal */ = {
			isa = PBXNativeTarget;
			buildConfigurationList = 010DC3822331556B00AC8F0C /* Build configuration list for PBXNativeTarget "ARPortal" */;
			buildPhases = (
				010DC3542331556700AC8F0C /* Sources */,
				010DC3552331556700AC8F0C /* Frameworks */,
				010DC3562331556700AC8F0C /* Resources */,
			);
			buildRules = (
			);
			dependencies = (
			);
			name = ARPortal;
			productName = ARPortal;
			productReference = 010DC3582331556700AC8F0C /* ARPortal.app */;
			productType = "com.apple.product-type.application";
		};
		010DC36D2331556B00AC8F0C /* ARPortalTests */ = {
			isa = PBXNativeTarget;
			buildConfigurationList = 010DC3852331556B00AC8F0C /* Build configuration list for PBXNativeTarget "ARPortalTests" */;
			buildPhases = (
				010DC36A2331556B00AC8F0C /* Sources */,
				010DC36B2331556B00AC8F0C /* Frameworks */,
				010DC36C2331556B00AC8F0C /* Resources */,
			);
			buildRules = (
			);
			dependencies = (
				010DC3702331556B00AC8F0C /* PBXTargetDependency */,
			);
			name = ARPortalTests;
			productName = ARPortalTests;
			productReference = 010DC36E2331556B00AC8F0C /* ARPortalTests.xctest */;
			productType = "com.apple.product-type.bundle.unit-test";
		};
		010DC3782331556B00AC8F0C /* ARPortalUITests */ = {
			isa = PBXNativeTarget;
			buildConfigurationList = 010DC3882331556B00AC8F0C /* Build configuration list for PBXNativeTarget "ARPortalUITests" */;
			buildPhases = (
				010DC3752331556B00AC8F0C /* Sources */,
				010DC3762331556B00AC8F0C /* Frameworks */,
				010DC3772331556B00AC8F0C /* Resources */,
			);
			buildRules = (
			);
			dependencies = (
				010DC37B2331556B00AC8F0C /* PBXTargetDependency */,
			);
			name = ARPortalUITests;
			productName = ARPortalUITests;
			productReference = 010DC3792331556B00AC8F0C /* ARPortalUITests.xctest */;
			productType = "com.apple.product-type.bundle.ui-testing";
		};
/* End PBXNativeTarget section */

/* Begin PBXProject section */
		010DC3502331556700AC8F0C /* Project object */ = {
			isa = PBXProject;
			attributes = {
				LastSwiftUpdateCheck = 1030;
				LastUpgradeCheck = 1030;
				ORGANIZATIONNAME = Banana;
				TargetAttributes = {
					010DC3572331556700AC8F0C = {
						CreatedOnToolsVersion = 10.3;
					};
					010DC36D2331556B00AC8F0C = {
						CreatedOnToolsVersion = 10.3;
						TestTargetID = 010DC3572331556700AC8F0C;
					};
					010DC3782331556B00AC8F0C = {
						CreatedOnToolsVersion = 10.3;
						TestTargetID = 010DC3572331556700AC8F0C;
					};
				};
			};
			buildConfigurationList = 010DC3532331556700AC8F0C /* Build configuration list for PBXProject "ARPortal" */;
			compatibilityVersion = "Xcode 9.3";
			developmentRegion = en;
			hasScannedForEncodings = 0;
			knownRegions = (
				en,
				Base,
			);
			mainGroup = 010DC34F2331556700AC8F0C;
			productRefGroup = 010DC3592331556700AC8F0C /* Products */;
			projectDirPath = "";
			projectRoot = "";
			targets = (
				010DC3572331556700AC8F0C /* ARPortal */,
				010DC36D2331556B00AC8F0C /* ARPortalTests */,
				010DC3782331556B00AC8F0C /* ARPortalUITests */,
			);
		};
/* End PBXProject section */

/* Begin PBXResourcesBuildPhase section */
		010DC3562331556700AC8F0C /* Resources */ = {
			isa = PBXResourcesBuildPhase;
			buildActionMask = 2147483647;
			files = (
				010DC3B8233394DC00AC8F0C /* glass_right.png in Resources */,
				010DC3C1233394DC00AC8F0C /* doors1.jpg in Resources */,
				010DC3C0233394DC00AC8F0C /* rest.jpg in Resources */,
				010DC3C5233394DC00AC8F0C /* vangogh_room.obj in Resources */,
				010DC3C4233394DC00AC8F0C /* table.jpg in Resources */,
				010DC3C3233394DC00AC8F0C /* win_left.jpg in Resources */,
				010DC3B9233394DC00AC8F0C /* belye.jpg in Resources */,
				010DC3B6233394DC00AC8F0C /* chair1.jpg in Resources */,
				010DC3BC233394DC00AC8F0C /* bad1.jpg in Resources */,
				010DC3BF233394DC00AC8F0C /* Alyscamps_Arles_dos.JPG in Resources */,
				010DC3BE233394DC00AC8F0C /* wall_staff.jpg in Resources */,
				010DC3B5233394DC00AC8F0C /* floor1.jpg in Resources */,
				017224792338C40C00214D53 /* Media.scnassets in Resources */,
				010DC3682331556B00AC8F0C /* LaunchScreen.storyboard in Resources */,
				010DC3C2233394DC00AC8F0C /* glass_left.png in Resources */,
				010DC3BA233394DC00AC8F0C /* veshalka.jpg in Resources */,
				010DC3BD233394DC00AC8F0C /* win_right.jpg in Resources */,
				010DC3B7233394DC00AC8F0C /* vangogh_room.mtl in Resources */,
				010DC3652331556B00AC8F0C /* Assets.xcassets in Resources */,
				010DC3632331556700AC8F0C /* Main.storyboard in Resources */,
				010DC3BB233394DC00AC8F0C /* wall1.jpg in Resources */,
			);
			runOnlyForDeploymentPostprocessing = 0;
		};
		010DC36C2331556B00AC8F0C /* Resources */ = {
			isa = PBXResourcesBuildPhase;
			buildActionMask = 2147483647;
			files = (
			);
			runOnlyForDeploymentPostprocessing = 0;
		};
		010DC3772331556B00AC8F0C /* Resources */ = {
			isa = PBXResourcesBuildPhase;
			buildActionMask = 2147483647;
			files = (
			);
			runOnlyForDeploymentPostprocessing = 0;
		};
/* End PBXResourcesBuildPhase section */

/* Begin PBXSourcesBuildPhase section */
		010DC3542331556700AC8F0C /* Sources */ = {
			isa = PBXSourcesBuildPhase;
			buildActionMask = 2147483647;
			files = (
				010DC3602331556700AC8F0C /* ViewController.swift in Sources */,
				010DC35C2331556700AC8F0C /* AppDelegate.swift in Sources */,
				010DC3C72333969700AC8F0C /* Portal.swift in Sources */,
			);
			runOnlyForDeploymentPostprocessing = 0;
		};
		010DC36A2331556B00AC8F0C /* Sources */ = {
			isa = PBXSourcesBuildPhase;
			buildActionMask = 2147483647;
			files = (
				010DC3732331556B00AC8F0C /* ARPortalTests.swift in Sources */,
			);
			runOnlyForDeploymentPostprocessing = 0;
		};
		010DC3752331556B00AC8F0C /* Sources */ = {
			isa = PBXSourcesBuildPhase;
			buildActionMask = 2147483647;
			files = (
				010DC37E2331556B00AC8F0C /* ARPortalUITests.swift in Sources */,
			);
			runOnlyForDeploymentPostprocessing = 0;
		};
/* End PBXSourcesBuildPhase section */

/* Begin PBXTargetDependency section */
		010DC3702331556B00AC8F0C /* PBXTargetDependency */ = {
			isa = PBXTargetDependency;
			target = 010DC3572331556700AC8F0C /* ARPortal */;
			targetProxy = 010DC36F2331556B00AC8F0C /* PBXContainerItemProxy */;
		};
		010DC37B2331556B00AC8F0C /* PBXTargetDependency */ = {
			isa = PBXTargetDependency;
			target = 010DC3572331556700AC8F0C /* ARPortal */;
			targetProxy = 010DC37A2331556B00AC8F0C /* PBXContainerItemProxy */;
		};
/* End PBXTargetDependency section */

/* Begin PBXVariantGroup section */
		010DC3612331556700AC8F0C /* Main.storyboard */ = {
			isa = PBXVariantGroup;
			children = (
				010DC3622331556700AC8F0C /* Base */,
			);
			name = Main.storyboard;
			sourceTree = "<group>";
		};
		010DC3662331556B00AC8F0C /* LaunchScreen.storyboard */ = {
			isa = PBXVariantGroup;
			children = (
				010DC3672331556B00AC8F0C /* Base */,
			);
			name = LaunchScreen.storyboard;
			sourceTree = "<group>";
		};
/* End PBXVariantGroup section */

/* Begin XCBuildConfiguration section */
		010DC3802331556B00AC8F0C /* Debug */ = {
			isa = XCBuildConfiguration;
			buildSettings = {
				ALWAYS_SEARCH_USER_PATHS = NO;
				CLANG_ANALYZER_NONNULL = YES;
				CLANG_ANALYZER_NUMBER_OBJECT_CONVERSION = YES_AGGRESSIVE;
				CLANG_CXX_LANGUAGE_STANDARD = "gnu++14";
				CLANG_CXX_LIBRARY = "libc++";
				CLANG_ENABLE_MODULES = YES;
				CLANG_ENABLE_OBJC_ARC = YES;
				CLANG_ENABLE_OBJC_WEAK = YES;
				CLANG_WARN_BLOCK_CAPTURE_AUTORELEASING = YES;
				CLANG_WARN_BOOL_CONVERSION = YES;
				CLANG_WARN_COMMA = YES;
				CLANG_WARN_CONSTANT_CONVERSION = YES;
				CLANG_WARN_DEPRECATED_OBJC_IMPLEMENTATIONS = YES;
				CLANG_WARN_DIRECT_OBJC_ISA_USAGE = YES_ERROR;
				CLANG_WARN_DOCUMENTATION_COMMENTS = YES;
				CLANG_WARN_EMPTY_BODY = YES;
				CLANG_WARN_ENUM_CONVERSION = YES;
				CLANG_WARN_INFINITE_RECURSION = YES;
				CLANG_WARN_INT_CONVERSION = YES;
				CLANG_WARN_NON_LITERAL_NULL_CONVERSION = YES;
				CLANG_WARN_OBJC_IMPLICIT_RETAIN_SELF = YES;
				CLANG_WARN_OBJC_LITERAL_CONVERSION = YES;
				CLANG_WARN_OBJC_ROOT_CLASS = YES_ERROR;
				CLANG_WARN_RANGE_LOOP_ANALYSIS = YES;
				CLANG_WARN_STRICT_PROTOTYPES = YES;
				CLANG_WARN_SUSPICIOUS_MOVE = YES;
				CLANG_WARN_UNGUARDED_AVAILABILITY = YES_AGGRESSIVE;
				CLANG_WARN_UNREACHABLE_CODE = YES;
				CLANG_WARN__DUPLICATE_METHOD_MATCH = YES;
				CODE_SIGN_IDENTITY = "iPhone Developer";
				COPY_PHASE_STRIP = NO;
				DEBUG_INFORMATION_FORMAT = dwarf;
				ENABLE_STRICT_OBJC_MSGSEND = YES;
				ENABLE_TESTABILITY = YES;
				GCC_C_LANGUAGE_STANDARD = gnu11;
				GCC_DYNAMIC_NO_PIC = NO;
				GCC_NO_COMMON_BLOCKS = YES;
				GCC_OPTIMIZATION_LEVEL = 0;
				GCC_PREPROCESSOR_DEFINITIONS = (
					"DEBUG=1",
					"$(inherited)",
				);
				GCC_WARN_64_TO_32_BIT_CONVERSION = YES;
				GCC_WARN_ABOUT_RETURN_TYPE = YES_ERROR;
				GCC_WARN_UNDECLARED_SELECTOR = YES;
				GCC_WARN_UNINITIALIZED_AUTOS = YES_AGGRESSIVE;
				GCC_WARN_UNUSED_FUNCTION = YES;
				GCC_WARN_UNUSED_VARIABLE = YES;
				IPHONEOS_DEPLOYMENT_TARGET = 12.4;
				MTL_ENABLE_DEBUG_INFO = INCLUDE_SOURCE;
				MTL_FAST_MATH = YES;
				ONLY_ACTIVE_ARCH = YES;
				SDKROOT = iphoneos;
				SWIFT_ACTIVE_COMPILATION_CONDITIONS = DEBUG;
				SWIFT_OPTIMIZATION_LEVEL = "-Onone";
			};
			name = Debug;
		};
		010DC3812331556B00AC8F0C /* Release */ = {
			isa = XCBuildConfiguration;
			buildSettings = {
				ALWAYS_SEARCH_USER_PATHS = NO;
				CLANG_ANALYZER_NONNULL = YES;
				CLANG_ANALYZER_NUMBER_OBJECT_CONVERSION = YES_AGGRESSIVE;
				CLANG_CXX_LANGUAGE_STANDARD = "gnu++14";
				CLANG_CXX_LIBRARY = "libc++";
				CLANG_ENABLE_MODULES = YES;
				CLANG_ENABLE_OBJC_ARC = YES;
				CLANG_ENABLE_OBJC_WEAK = YES;
				CLANG_WARN_BLOCK_CAPTURE_AUTORELEASING = YES;
				CLANG_WARN_BOOL_CONVERSION = YES;
				CLANG_WARN_COMMA = YES;
				CLANG_WARN_CONSTANT_CONVERSION = YES;
				CLANG_WARN_DEPRECATED_OBJC_IMPLEMENTATIONS = YES;
				CLANG_WARN_DIRECT_OBJC_ISA_USAGE = YES_ERROR;
				CLANG_WARN_DOCUMENTATION_COMMENTS = YES;
				CLANG_WARN_EMPTY_BODY = YES;
				CLANG_WARN_ENUM_CONVERSION = YES;
				CLANG_WARN_INFINITE_RECURSION = YES;
				CLANG_WARN_INT_CONVERSION = YES;
				CLANG_WARN_NON_LITERAL_NULL_CONVERSION = YES;
				CLANG_WARN_OBJC_IMPLICIT_RETAIN_SELF = YES;
				CLANG_WARN_OBJC_LITERAL_CONVERSION = YES;
				CLANG_WARN_OBJC_ROOT_CLASS = YES_ERROR;
				CLANG_WARN_RANGE_LOOP_ANALYSIS = YES;
				CLANG_WARN_STRICT_PROTOTYPES = YES;
				CLANG_WARN_SUSPICIOUS_MOVE = YES;
				CLANG_WARN_UNGUARDED_AVAILABILITY = YES_AGGRESSIVE;
				CLANG_WARN_UNREACHABLE_CODE = YES;
				CLANG_WARN__DUPLICATE_METHOD_MATCH = YES;
				CODE_SIGN_IDENTITY = "iPhone Developer";
				COPY_PHASE_STRIP = NO;
				DEBUG_INFORMATION_FORMAT = "dwarf-with-dsym";
				ENABLE_NS_ASSERTIONS = NO;
				ENABLE_STRICT_OBJC_MSGSEND = YES;
				GCC_C_LANGUAGE_STANDARD = gnu11;
				GCC_NO_COMMON_BLOCKS = YES;
				GCC_WARN_64_TO_32_BIT_CONVERSION = YES;
				GCC_WARN_ABOUT_RETURN_TYPE = YES_ERROR;
				GCC_WARN_UNDECLARED_SELECTOR = YES;
				GCC_WARN_UNINITIALIZED_AUTOS = YES_AGGRESSIVE;
				GCC_WARN_UNUSED_FUNCTION = YES;
				GCC_WARN_UNUSED_VARIABLE = YES;
				IPHONEOS_DEPLOYMENT_TARGET = 12.4;
				MTL_ENABLE_DEBUG_INFO = NO;
				MTL_FAST_MATH = YES;
				SDKROOT = iphoneos;
				SWIFT_COMPILATION_MODE = wholemodule;
				SWIFT_OPTIMIZATION_LEVEL = "-O";
				VALIDATE_PRODUCT = YES;
			};
			name = Release;
		};
		010DC3832331556B00AC8F0C /* Debug */ = {
			isa = XCBuildConfiguration;
			buildSettings = {
				ASSETCATALOG_COMPILER_APPICON_NAME = AppIcon;
				CODE_SIGN_STYLE = Automatic;
				DEVELOPMENT_TEAM = "";
				INFOPLIST_FILE = ARPortal/Info.plist;
				LD_RUNPATH_SEARCH_PATHS = (
					"$(inherited)",
					"@executable_path/Frameworks",
				);
				PRODUCT_BUNDLE_IDENTIFIER = com.banana.ARPortal;
				PRODUCT_NAME = ARPortal;
				SWIFT_VERSION = 5.0;
				TARGETED_DEVICE_FAMILY = "1,2";
			};
			name = Debug;
		};
		010DC3842331556B00AC8F0C /* Release */ = {
			isa = XCBuildConfiguration;
			buildSettings = {
				ASSETCATALOG_COMPILER_APPICON_NAME = AppIcon;
				CODE_SIGN_STYLE = Automatic;
				DEVELOPMENT_TEAM = "";
				INFOPLIST_FILE = ARPortal/Info.plist;
				LD_RUNPATH_SEARCH_PATHS = (
					"$(inherited)",
					"@executable_path/Frameworks",
				);
				PRODUCT_BUNDLE_IDENTIFIER = com.banana.ARPortal;
				PRODUCT_NAME = ARPortal;
				SWIFT_VERSION = 5.0;
				TARGETED_DEVICE_FAMILY = "1,2";
			};
			name = Release;
		};
		010DC3862331556B00AC8F0C /* Debug */ = {
			isa = XCBuildConfiguration;
			buildSettings = {
				ALWAYS_EMBED_SWIFT_STANDARD_LIBRARIES = YES;
				BUNDLE_LOADER = "$(TEST_HOST)";
				CODE_SIGN_STYLE = Automatic;
				INFOPLIST_FILE = ARPortalTests/Info.plist;
				LD_RUNPATH_SEARCH_PATHS = (
					"$(inherited)",
					"@executable_path/Frameworks",
					"@loader_path/Frameworks",
				);
				PRODUCT_BUNDLE_IDENTIFIER = com.banana.ARPortalTests;
				PRODUCT_NAME = "$(TARGET_NAME)";
				SWIFT_VERSION = 5.0;
				TARGETED_DEVICE_FAMILY = "1,2";
				TEST_HOST = "$(BUILT_PRODUCTS_DIR)/ARPortal.app/ARPortal";
			};
			name = Debug;
		};
		010DC3872331556B00AC8F0C /* Release */ = {
			isa = XCBuildConfiguration;
			buildSettings = {
				ALWAYS_EMBED_SWIFT_STANDARD_LIBRARIES = YES;
				BUNDLE_LOADER = "$(TEST_HOST)";
				CODE_SIGN_STYLE = Automatic;
				INFOPLIST_FILE = ARPortalTests/Info.plist;
				LD_RUNPATH_SEARCH_PATHS = (
					"$(inherited)",
					"@executable_path/Frameworks",
					"@loader_path/Frameworks",
				);
				PRODUCT_BUNDLE_IDENTIFIER = com.banana.ARPortalTests;
				PRODUCT_NAME = "$(TARGET_NAME)";
				SWIFT_VERSION = 5.0;
				TARGETED_DEVICE_FAMILY = "1,2";
				TEST_HOST = "$(BUILT_PRODUCTS_DIR)/ARPortal.app/ARPortal";
			};
			name = Release;
		};
		010DC3892331556B00AC8F0C /* Debug */ = {
			isa = XCBuildConfiguration;
			buildSettings = {
				ALWAYS_EMBED_SWIFT_STANDARD_LIBRARIES = YES;
				CODE_SIGN_STYLE = Automatic;
				INFOPLIST_FILE = ARPortalUITests/Info.plist;
				LD_RUNPATH_SEARCH_PATHS = (
					"$(inherited)",
					"@executable_path/Frameworks",
					"@loader_path/Frameworks",
				);
				PRODUCT_BUNDLE_IDENTIFIER = com.banana.ARPortalUITests;
				PRODUCT_NAME = "$(TARGET_NAME)";
				SWIFT_VERSION = 5.0;
				TARGETED_DEVICE_FAMILY = "1,2";
				TEST_TARGET_NAME = ARPortal;
			};
			name = Debug;
		};
		010DC38A2331556B00AC8F0C /* Release */ = {
			isa = XCBuildConfiguration;
			buildSettings = {
				ALWAYS_EMBED_SWIFT_STANDARD_LIBRARIES = YES;
				CODE_SIGN_STYLE = Automatic;
				INFOPLIST_FILE = ARPortalUITests/Info.plist;
				LD_RUNPATH_SEARCH_PATHS = (
					"$(inherited)",
					"@executable_path/Frameworks",
					"@loader_path/Frameworks",
				);
				PRODUCT_BUNDLE_IDENTIFIER = com.banana.ARPortalUITests;
				PRODUCT_NAME = "$(TARGET_NAME)";
				SWIFT_VERSION = 5.0;
				TARGETED_DEVICE_FAMILY = "1,2";
				TEST_TARGET_NAME = ARPortal;
			};
			name = Release;
		};
/* End XCBuildConfiguration section */

/* Begin XCConfigurationList section */
		010DC3532331556700AC8F0C /* Build configuration list for PBXProject "ARPortal" */ = {
			isa = XCConfigurationList;
			buildConfigurations = (
				010DC3802331556B00AC8F0C /* Debug */,
				010DC3812331556B00AC8F0C /* Release */,
			);
			defaultConfigurationIsVisible = 0;
			defaultConfigurationName = Release;
		};
		010DC3822331556B00AC8F0C /* Build configuration list for PBXNativeTarget "ARPortal" */ = {
			isa = XCConfigurationList;
			buildConfigurations = (
				010DC3832331556B00AC8F0C /* Debug */,
				010DC3842331556B00AC8F0C /* Release */,
			);
			defaultConfigurationIsVisible = 0;
			defaultConfigurationName = Release;
		};
		010DC3852331556B00AC8F0C /* Build configuration list for PBXNativeTarget "ARPortalTests" */ = {
			isa = XCConfigurationList;
			buildConfigurations = (
				010DC3862331556B00AC8F0C /* Debug */,
				010DC3872331556B00AC8F0C /* Release */,
			);
			defaultConfigurationIsVisible = 0;
			defaultConfigurationName = Release;
		};
		010DC3882331556B00AC8F0C /* Build configuration list for PBXNativeTarget "ARPortalUITests" */ = {
			isa = XCConfigurationList;
			buildConfigurations = (
				010DC3892331556B00AC8F0C /* Debug */,
				010DC38A2331556B00AC8F0C /* Release */,
			);
			defaultConfigurationIsVisible = 0;
			defaultConfigurationName = Release;
		};
/* End XCConfigurationList section */
	};
	rootObject = 010DC3502331556700AC8F0C /* Project object */;
}
